
Microsoft Visual Studio Solution File, Format Version 12.00
# Visual Studio Version 16
VisualStudioVersion = 16.0.29009.5
MinimumVisualStudioVersion = 10.0.40219.1
Project("{FAE04EC0-301F-11D3-BF4B-00C04F79EFBC}") = "Test", "Test\Test.csproj", "{C4BC35A5-EE0D-4C11-82C9-4383225A122F}"
EndProject
Global
	GlobalSection(SolutionConfigurationPlatforms) = preSolution
		Debug|Any CPU = Debug|Any CPU
		Release|Any CPU = Release|Any CPU
	EndGlobalSection
	GlobalSection(ProjectConfigurationPlatforms) = postSolution
		{C4BC35A5-EE0D-4C11-82C9-4383225A122F}.Debug|Any CPU.ActiveCfg = Debug|Any CPU
		{C4BC35A5-EE0D-4C11-82C9-4383225A122F}.Debug|Any CPU.Build.0 = Debug|Any CPU
		{C4BC35A5-EE0D-4C11-82C9-4383225A122F}.Release|Any CPU.ActiveCfg = Release|Any CPU
		{C4BC35A5-EE0D-4C11-82C9-4383225A122F}.Release|Any CPU.Build.0 = Release|Any CPU
	EndGlobalSection
	GlobalSection(SolutionProperties) = preSolution
		HideSolutionNode = FALSE
	EndGlobalSection
	GlobalSection(ExtensibilityGlobals) = postSolution
		SolutionGuid = {497D822C-E309-4BEF-B4D0-07A114D43144}
	EndGlobalSection
EndGlobal
